// !$*UTF8*$!
{
	archiveVersion = 1;
	classes = {
	};
	objectVersion = 48;
	objects = {

/* Begin PBXBuildFile section */
		BF75D4691FEA42E6005C0DD6 /* AppDelegate.swift in Sources */ = {isa = PBXBuildFile; fileRef = BF75D4681FEA42E6005C0DD6 /* AppDelegate.swift */; };
		BF75D46B1FEA42E6005C0DD6 /* ViewController.swift in Sources */ = {isa = PBXBuildFile; fileRef = BF75D46A1FEA42E6005C0DD6 /* ViewController.swift */; };
		BF75D46E1FEA42E6005C0DD6 /* Main.storyboard in Resources */ = {isa = PBXBuildFile; fileRef = BF75D46C1FEA42E6005C0DD6 /* Main.storyboard */; };
		BF75D4731FEA42E6005C0DD6 /* LaunchScreen.storyboard in Resources */ = {isa = PBXBuildFile; fileRef = BF75D4711FEA42E6005C0DD6 /* LaunchScreen.storyboard */; };
		BF75D47D1FEA52CD005C0DD6 /* Assets.xcassets in Resources */ = {isa = PBXBuildFile; fileRef = BF75D47C1FEA52CD005C0DD6 /* Assets.xcassets */; };
		BF75D47F1FEA702C005C0DD6 /* Concentration.swift in Sources */ = {isa = PBXBuildFile; fileRef = BF75D47E1FEA702C005C0DD6 /* Concentration.swift */; };
		BF75D4831FEA713A005C0DD6 /* Card.swift in Sources */ = {isa = PBXBuildFile; fileRef = BF75D4821FEA713A005C0DD6 /* Card.swift */; };
/* End PBXBuildFile section */

/* Begin PBXFileReference section */
		BF75D4651FEA42E6005C0DD6 /* Concentration.app */ = {isa = PBXFileReference; explicitFileType = wrapper.application; includeInIndex = 0; path = Concentration.app; sourceTree = BUILT_PRODUCTS_DIR; };
		BF75D4681FEA42E6005C0DD6 /* AppDelegate.swift */ = {isa = PBXFileReference; lastKnownFileType = sourcecode.swift; path = AppDelegate.swift; sourceTree = "<group>"; };
		BF75D46A1FEA42E6005C0DD6 /* ViewController.swift */ = {isa = PBXFileReference; lastKnownFileType = sourcecode.swift; path = ViewController.swift; sourceTree = "<group>"; };
		BF75D46D1FEA42E6005C0DD6 /* Base */ = {isa = PBXFileReference; lastKnownFileType = file.storyboard; name = Base; path = Base.lproj/Main.storyboard; sourceTree = "<group>"; };
		BF75D4721FEA42E6005C0DD6 /* Base */ = {isa = PBXFileReference; lastKnownFileType = file.storyboard; name = Base; path = Base.lproj/LaunchScreen.storyboard; sourceTree = "<group>"; };
		BF75D4741FEA42E6005C0DD6 /* Info.plist */ = {isa = PBXFileReference; lastKnownFileType = text.plist.xml; path = Info.plist; sourceTree = "<group>"; };
		BF75D47C1FEA52CD005C0DD6 /* Assets.xcassets */ = {isa = PBXFileReference; lastKnownFileType = folder.assetcatalog; path = Assets.xcassets; sourceTree = "<group>"; };
		BF75D47E1FEA702C005C0DD6 /* Concentration.swift */ = {isa = PBXFileReference; lastKnownFileType = sourcecode.swift; path = Concentration.swift; sourceTree = "<group>"; };
		BF75D4821FEA713A005C0DD6 /* Card.swift */ = {isa = PBXFileReference; lastKnownFileType = sourcecode.swift; path = Card.swift; sourceTree = "<group>"; };
/* End PBXFileReference section */

/* Begin PBXFrameworksBuildPhase section */
		BF75D4621FEA42E6005C0DD6 /* Frameworks */ = {
			isa = PBXFrameworksBuildPhase;
			buildActionMask = 2147483647;
			files = (
			);
			runOnlyForDeploymentPostprocessing = 0;
		};
/* End PBXFrameworksBuildPhase section */

/* Begin PBXGroup section */
		BF75D45C1FEA42E5005C0DD6 = {
			isa = PBXGroup;
			children = (
				BF75D4671FEA42E6005C0DD6 /* Concentration */,
				BF75D4661FEA42E6005C0DD6 /* Products */,
			);
			sourceTree = "<group>";
		};
		BF75D4661FEA42E6005C0DD6 /* Products */ = {
			isa = PBXGroup;
			children = (
				BF75D4651FEA42E6005C0DD6 /* Concentration.app */,
			);
			name = Products;
			sourceTree = "<group>";
		};
		BF75D4671FEA42E6005C0DD6 /* Concentration */ = {
			isa = PBXGroup;
			children = (
				BF75D47A1FEA431C005C0DD6 /* Support Files */,
				BF75D46A1FEA42E6005C0DD6 /* ViewController.swift */,
				BF75D46C1FEA42E6005C0DD6 /* Main.storyboard */,
				BF75D4741FEA42E6005C0DD6 /* Info.plist */,
				BF75D47E1FEA702C005C0DD6 /* Concentration.swift */,
				BF75D4821FEA713A005C0DD6 /* Card.swift */,
			);
			path = Concentration;
			sourceTree = "<group>";
		};
		BF75D47A1FEA431C005C0DD6 /* Support Files */ = {
			isa = PBXGroup;
			children = (
				BF75D47C1FEA52CD005C0DD6 /* Assets.xcassets */,
				BF75D4681FEA42E6005C0DD6 /* AppDelegate.swift */,
				BF75D4711FEA42E6005C0DD6 /* LaunchScreen.storyboard */,
			);
			path = "Support Files";
			sourceTree = "<group>";
		};
/* End PBXGroup section */

/* Begin PBXNativeTarget section */
		BF75D4641FEA42E6005C0DD6 /* Concentration */ = {
			isa = PBXNativeTarget;
			buildConfigurationList = BF75D4771FEA42E6005C0DD6 /* Build configuration list for PBXNativeTarget "Concentration" */;
			buildPhases = (
				BF75D4611FEA42E6005C0DD6 /* Sources */,
				BF75D4621FEA42E6005C0DD6 /* Frameworks */,
				BF75D4631FEA42E6005C0DD6 /* Resources */,
			);
			buildRules = (
			);
			dependencies = (
			);
			name = Concentration;
			productName = Concentration;
			productReference = BF75D4651FEA42E6005C0DD6 /* Concentration.app */;
			productType = "com.apple.product-type.application";
		};
/* End PBXNativeTarget section */

/* Begin PBXProject section */
		BF75D45D1FEA42E6005C0DD6 /* Project object */ = {
			isa = PBXProject;
			attributes = {
				LastSwiftUpdateCheck = 0920;
				LastUpgradeCheck = 0920;
				ORGANIZATIONNAME = geezer.;
				TargetAttributes = {
					BF75D4641FEA42E6005C0DD6 = {
						CreatedOnToolsVersion = 9.2;
						ProvisioningStyle = Automatic;
					};
				};
			};
			buildConfigurationList = BF75D4601FEA42E6005C0DD6 /* Build configuration list for PBXProject "Concentration" */;
			compatibilityVersion = "Xcode 8.0";
			developmentRegion = en;
			hasScannedForEncodings = 0;
			knownRegions = (
				en,
				Base,
			);
			mainGroup = BF75D45C1FEA42E5005C0DD6;
			productRefGroup = BF75D4661FEA42E6005C0DD6 /* Products */;
			projectDirPath = "";
			projectRoot = "";
			targets = (
				BF75D4641FEA42E6005C0DD6 /* Concentration */,
			);
		};
/* End PBXProject section */

/* Begin PBXResourcesBuildPhase section */
		BF75D4631FEA42E6005C0DD6 /* Resources */ = {
			isa = PBXResourcesBuildPhase;
			buildActionMask = 2147483647;
			files = (
				BF75D4731FEA42E6005C0DD6 /* LaunchScreen.storyboard in Resources */,
				BF75D47D1FEA52CD005C0DD6 /* Assets.xcassets in Resources */,
				BF75D46E1FEA42E6005C0DD6 /* Main.storyboard in Resources */,
			);
			runOnlyForDeploymentPostprocessing = 0;
		};
/* End PBXResourcesBuildPhase section */

/* Begin PBXSourcesBuildPhase section */
		BF75D4611FEA42E6005C0DD6 /* Sources */ = {
			isa = PBXSourcesBuildPhase;
			buildActionMask = 2147483647;
			files = (
				BF75D46B1FEA42E6005C0DD6 /* ViewController.swift in Sources */,
				BF75D4691FEA42E6005C0DD6 /* AppDelegate.swift in Sources */,
				BF75D47F1FEA702C005C0DD6 /* Concentration.swift in Sources */,
				BF75D4831FEA713A005C0DD6 /* Card.swift in Sources */,
			);
			runOnlyForDeploymentPostprocessing = 0;
		};
/* End PBXSourcesBuildPhase section */

/* Begin PBXVariantGroup section */
		BF75D46C1FEA42E6005C0DD6 /* Main.storyboard */ = {
			isa = PBXVariantGroup;
			children = (
				BF75D46D1FEA42E6005C0DD6 /* Base */,
			);
			name = Main.storyboard;
			sourceTree = "<group>";
		};
		BF75D4711FEA42E6005C0DD6 /* LaunchScreen.storyboard */ = {
			isa = PBXVariantGroup;
			children = (
				BF75D4721FEA42E6005C0DD6 /* Base */,
			);
			name = LaunchScreen.storyboard;
			sourceTree = "<group>";
		};
/* End PBXVariantGroup section */

/* Begin XCBuildConfiguration section */
		BF75D4751FEA42E6005C0DD6 /* Debug */ = {
			isa = XCBuildConfiguration;
			buildSettings = {
				ALWAYS_SEARCH_USER_PATHS = NO;
				CLANG_ANALYZER_NONNULL = YES;
				CLANG_ANALYZER_NUMBER_OBJECT_CONVERSION = YES_AGGRESSIVE;
				CLANG_CXX_LANGUAGE_STANDARD = "gnu++14";
				CLANG_CXX_LIBRARY = "libc++";
				CLANG_ENABLE_MODULES = YES;
				CLANG_ENABLE_OBJC_ARC = YES;
				CLANG_WARN_BLOCK_CAPTURE_AUTORELEASING = YES;
				CLANG_WARN_BOOL_CONVERSION = YES;
				CLANG_WARN_COMMA = YES;
				CLANG_WARN_CONSTANT_CONVERSION = YES;
				CLANG_WARN_DIRECT_OBJC_ISA_USAGE = YES_ERROR;
				CLANG_WARN_DOCUMENTATION_COMMENTS = YES;
				CLANG_WARN_EMPTY_BODY = YES;
				CLANG_WARN_ENUM_CONVERSION = YES;
				CLANG_WARN_INFINITE_RECURSION = YES;
				CLANG_WARN_INT_CONVERSION = YES;
				CLANG_WARN_NON_LITERAL_NULL_CONVERSION = YES;
				CLANG_WARN_OBJC_LITERAL_CONVERSION = YES;
				CLANG_WARN_OBJC_ROOT_CLASS = YES_ERROR;
				CLANG_WARN_RANGE_LOOP_ANALYSIS = YES;
				CLANG_WARN_STRICT_PROTOTYPES = YES;
				CLANG_WARN_SUSPICIOUS_MOVE = YES;
				CLANG_WARN_UNGUARDED_AVAILABILITY = YES_AGGRESSIVE;
				CLANG_WARN_UNREACHABLE_CODE = YES;
				CLANG_WARN__DUPLICATE_METHOD_MATCH = YES;
				CODE_SIGN_IDENTITY = "iPhone Developer";
				COPY_PHASE_STRIP = NO;
				DEBUG_INFORMATION_FORMAT = dwarf;
				ENABLE_STRICT_OBJC_MSGSEND = YES;
				ENABLE_TESTABILITY = YES;
				GCC_C_LANGUAGE_STANDARD = gnu11;
				GCC_DYNAMIC_NO_PIC = NO;
				GCC_NO_COMMON_BLOCKS = YES;
				GCC_OPTIMIZATION_LEVEL = 0;
				GCC_PREPROCESSOR_DEFINITIONS = (
					"DEBUG=1",
					"$(inherited)",
				);
				GCC_WARN_64_TO_32_BIT_CONVERSION = YES;
				GCC_WARN_ABOUT_RETURN_TYPE = YES_ERROR;
				GCC_WARN_UNDECLARED_SELECTOR = YES;
				GCC_WARN_UNINITIALIZED_AUTOS = YES_AGGRESSIVE;
				GCC_WARN_UNUSED_FUNCTION = YES;
				GCC_WARN_UNUSED_VARIABLE = YES;
				IPHONEOS_DEPLOYMENT_TARGET = 11.2;
				MTL_ENABLE_DEBUG_INFO = YES;
				ONLY_ACTIVE_ARCH = YES;
				SDKROOT = iphoneos;
				SWIFT_ACTIVE_COMPILATION_CONDITIONS = DEBUG;
				SWIFT_OPTIMIZATION_LEVEL = "-Onone";
			};
			name = Debug;
		};
		BF75D4761FEA42E6005C0DD6 /* Release */ = {
			isa = XCBuildConfiguration;
			buildSettings = {
				ALWAYS_SEARCH_USER_PATHS = NO;
				CLANG_ANALYZER_NONNULL = YES;
				CLANG_ANALYZER_NUMBER_OBJECT_CONVERSION = YES_AGGRESSIVE;
				CLANG_CXX_LANGUAGE_STANDARD = "gnu++14";
				CLANG_CXX_LIBRARY = "libc++";
				CLANG_ENABLE_MODULES = YES;
				CLANG_ENABLE_OBJC_ARC = YES;
				CLANG_WARN_BLOCK_CAPTURE_AUTORELEASING = YES;
				CLANG_WARN_BOOL_CONVERSION = YES;
				CLANG_WARN_COMMA = YES;
				CLANG_WARN_CONSTANT_CONVERSION = YES;
				CLANG_WARN_DIRECT_OBJC_ISA_USAGE = YES_ERROR;
				CLANG_WARN_DOCUMENTATION_COMMENTS = YES;
				CLANG_WARN_EMPTY_BODY = YES;
				CLANG_WARN_ENUM_CONVERSION = YES;
				CLANG_WARN_INFINITE_RECURSION = YES;
				CLANG_WARN_INT_CONVERSION = YES;
				CLANG_WARN_NON_LITERAL_NULL_CONVERSION = YES;
				CLANG_WARN_OBJC_LITERAL_CONVERSION = YES;
				CLANG_WARN_OBJC_ROOT_CLASS = YES_ERROR;
				CLANG_WARN_RANGE_LOOP_ANALYSIS = YES;
				CLANG_WARN_STRICT_PROTOTYPES = YES;
				CLANG_WARN_SUSPICIOUS_MOVE = YES;
				CLANG_WARN_UNGUARDED_AVAILABILITY = YES_AGGRESSIVE;
				CLANG_WARN_UNREACHABLE_CODE = YES;
				CLANG_WARN__DUPLICATE_METHOD_MATCH = YES;
				CODE_SIGN_IDENTITY = "iPhone Developer";
				COPY_PHASE_STRIP = NO;
				DEBUG_INFORMATION_FORMAT = "dwarf-with-dsym";
				ENABLE_NS_ASSERTIONS = NO;
				ENABLE_STRICT_OBJC_MSGSEND = YES;
				GCC_C_LANGUAGE_STANDARD = gnu11;
				GCC_NO_COMMON_BLOCKS = YES;
				GCC_WARN_64_TO_32_BIT_CONVERSION = YES;
				GCC_WARN_ABOUT_RETURN_TYPE = YES_ERROR;
				GCC_WARN_UNDECLARED_SELECTOR = YES;
				GCC_WARN_UNINITIALIZED_AUTOS = YES_AGGRESSIVE;
				GCC_WARN_UNUSED_FUNCTION = YES;
				GCC_WARN_UNUSED_VARIABLE = YES;
				IPHONEOS_DEPLOYMENT_TARGET = 11.2;
				MTL_ENABLE_DEBUG_INFO = NO;
				SDKROOT = iphoneos;
				SWIFT_OPTIMIZATION_LEVEL = "-Owholemodule";
				VALIDATE_PRODUCT = YES;
			};
			name = Release;
		};
		BF75D4781FEA42E6005C0DD6 /* Debug */ = {
			isa = XCBuildConfiguration;
			buildSettings = {
				ASSETCATALOG_COMPILER_APPICON_NAME = AppIcon;
				CODE_SIGN_STYLE = Automatic;
				INFOPLIST_FILE = Concentration/Info.plist;
				LD_RUNPATH_SEARCH_PATHS = "$(inherited) @executable_path/Frameworks";
				PRODUCT_BUNDLE_IDENTIFIER = geezer.Concentration;
				PRODUCT_NAME = "$(TARGET_NAME)";
				SWIFT_VERSION = 4.0;
				TARGETED_DEVICE_FAMILY = "1,2";
			};
			name = Debug;
		};
		BF75D4791FEA42E6005C0DD6 /* Release */ = {
			isa = XCBuildConfiguration;
			buildSettings = {
				ASSETCATALOG_COMPILER_APPICON_NAME = AppIcon;
				CODE_SIGN_STYLE = Automatic;
				INFOPLIST_FILE = Concentration/Info.plist;
				LD_RUNPATH_SEARCH_PATHS = "$(inherited) @executable_path/Frameworks";
				PRODUCT_BUNDLE_IDENTIFIER = geezer.Concentration;
				PRODUCT_NAME = "$(TARGET_NAME)";
				SWIFT_VERSION = 4.0;
				TARGETED_DEVICE_FAMILY = "1,2";
			};
			name = Release;
		};
/* End XCBuildConfiguration section */

/* Begin XCConfigurationList section */
		BF75D4601FEA42E6005C0DD6 /* Build configuration list for PBXProject "Concentration" */ = {
			isa = XCConfigurationList;
			buildConfigurations = (
				BF75D4751FEA42E6005C0DD6 /* Debug */,
				BF75D4761FEA42E6005C0DD6 /* Release */,
			);
			defaultConfigurationIsVisible = 0;
			defaultConfigurationName = Release;
		};
		BF75D4771FEA42E6005C0DD6 /* Build configuration list for PBXNativeTarget "Concentration" */ = {
			isa = XCConfigurationList;
			buildConfigurations = (
				BF75D4781FEA42E6005C0DD6 /* Debug */,
				BF75D4791FEA42E6005C0DD6 /* Release */,
			);
			defaultConfigurationIsVisible = 0;
			defaultConfigurationName = Release;
		};
/* End XCConfigurationList section */
	};
	rootObject = BF75D45D1FEA42E6005C0DD6 /* Project object */;
}
